
Microsoft Visual Studio Solution File, Format Version 12.00
# Visual Studio Version 16
VisualStudioVersion = 16.0.31729.503
MinimumVisualStudioVersion = 10.0.40219.1
Project("{FAE04EC0-301F-11D3-BF4B-00C04F79EFBC}") = "RestaurantRater", "RestaurantRater\RestaurantRater.csproj", "{9F220CF7-1403-43FC-B4AB-5F60DB4F1819}"
EndProject
Global
	GlobalSection(SolutionConfigurationPlatforms) = preSolution
		Debug|Any CPU = Debug|Any CPU
		Release|Any CPU = Release|Any CPU
	EndGlobalSection
	GlobalSection(ProjectConfigurationPlatforms) = postSolution
		{9F220CF7-1403-43FC-B4AB-5F60DB4F1819}.Debug|Any CPU.ActiveCfg = Debug|Any CPU
		{9F220CF7-1403-43FC-B4AB-5F60DB4F1819}.Debug|Any CPU.Build.0 = Debug|Any CPU
		{9F220CF7-1403-43FC-B4AB-5F60DB4F1819}.Release|Any CPU.ActiveCfg = Release|Any CPU
		{9F220CF7-1403-43FC-B4AB-5F60DB4F1819}.Release|Any CPU.Build.0 = Release|Any CPU
	EndGlobalSection
	GlobalSection(SolutionProperties) = preSolution
		HideSolutionNode = FALSE
	EndGlobalSection
	GlobalSection(ExtensibilityGlobals) = postSolution
		SolutionGuid = {4DE28677-1E3C-4FF5-B050-55D2AFC58B8D}
	EndGlobalSection
EndGlobal
